
Microsoft Visual Studio Solution File, Format Version 12.00
# Visual Studio Version 17
VisualStudioVersion = 17.4.33213.308
MinimumVisualStudioVersion = 10.0.40219.1
Project("{9A19103F-16F7-4668-BE54-9A1E7A4F7556}") = "LastSpConverter", "LastSpConverter\LastSpConverter.csproj", "{5E76CF27-BD37-4CEF-A6BA-C895620FF171}"
EndProject
Project("{9A19103F-16F7-4668-BE54-9A1E7A4F7556}") = "Services", "Services\Services.csproj", "{95350931-86DF-4375-A7AF-027C9D58F23F}"
EndProject
Global
	GlobalSection(SolutionConfigurationPlatforms) = preSolution
		Debug|Any CPU = Debug|Any CPU
		Release|Any CPU = Release|Any CPU
	EndGlobalSection
	GlobalSection(ProjectConfigurationPlatforms) = postSolution
		{5E76CF27-BD37-4CEF-A6BA-C895620FF171}.Debug|Any CPU.ActiveCfg = Debug|Any CPU
		{5E76CF27-BD37-4CEF-A6BA-C895620FF171}.Debug|Any CPU.Build.0 = Debug|Any CPU
		{5E76CF27-BD37-4CEF-A6BA-C895620FF171}.Release|Any CPU.ActiveCfg = Release|Any CPU
		{5E76CF27-BD37-4CEF-A6BA-C895620FF171}.Release|Any CPU.Build.0 = Release|Any CPU
		{95350931-86DF-4375-A7AF-027C9D58F23F}.Debug|Any CPU.ActiveCfg = Debug|Any CPU
		{95350931-86DF-4375-A7AF-027C9D58F23F}.Debug|Any CPU.Build.0 = Debug|Any CPU
		{95350931-86DF-4375-A7AF-027C9D58F23F}.Release|Any CPU.ActiveCfg = Release|Any CPU
		{95350931-86DF-4375-A7AF-027C9D58F23F}.Release|Any CPU.Build.0 = Release|Any CPU
	EndGlobalSection
	GlobalSection(SolutionProperties) = preSolution
		HideSolutionNode = FALSE
	EndGlobalSection
	GlobalSection(ExtensibilityGlobals) = postSolution
		SolutionGuid = {9DDEB946-97F4-4B39-BB22-7712CB6A2717}
	EndGlobalSection
EndGlobal
